
Microsoft Visual Studio Solution File, Format Version 12.00
# Visual Studio Version 16
VisualStudioVersion = 16.0.30413.136
MinimumVisualStudioVersion = 10.0.40219.1
Project("{FAE04EC0-301F-11D3-BF4B-00C04F79EFBC}") = "DesignPatterns", "DesignPatterns.csproj", "{4D71FFE5-618D-432C-8F6B-5AA87FC9D25B}"
EndProject
Global
	GlobalSection(SolutionConfigurationPlatforms) = preSolution
		Debug|Any CPU = Debug|Any CPU
		Release|Any CPU = Release|Any CPU
	EndGlobalSection
	GlobalSection(ProjectConfigurationPlatforms) = postSolution
		{4D71FFE5-618D-432C-8F6B-5AA87FC9D25B}.Debug|Any CPU.ActiveCfg = Debug|Any CPU
		{4D71FFE5-618D-432C-8F6B-5AA87FC9D25B}.Debug|Any CPU.Build.0 = Debug|Any CPU
		{4D71FFE5-618D-432C-8F6B-5AA87FC9D25B}.Release|Any CPU.ActiveCfg = Release|Any CPU
		{4D71FFE5-618D-432C-8F6B-5AA87FC9D25B}.Release|Any CPU.Build.0 = Release|Any CPU
	EndGlobalSection
	GlobalSection(SolutionProperties) = preSolution
		HideSolutionNode = FALSE
	EndGlobalSection
	GlobalSection(ExtensibilityGlobals) = postSolution
		SolutionGuid = {D8F77AFE-A8D9-4709-A4A4-27C662FE4114}
	EndGlobalSection
EndGlobal
